
Microsoft Visual Studio Solution File, Format Version 12.00
# Visual Studio 14
VisualStudioVersion = 14.0.24720.0
MinimumVisualStudioVersion = 10.0.40219.1
Project("{FAE04EC0-301F-11D3-BF4B-00C04F79EFBC}") = "EquiposTecnicosSN.Web", "EquiposTecnicosSN.Web\EquiposTecnicosSN.Web.csproj", "{77B5C884-FFD7-4810-A376-5E41F710405C}"
EndProject
Project("{FAE04EC0-301F-11D3-BF4B-00C04F79EFBC}") = "EquiposTecnicosSN.Entities", "EquiposTecnicosSN.Entities\EquiposTecnicosSN.Entities.csproj", "{B7534E78-5913-4E04-B9F2-012809C4DE36}"
EndProject
Global
	GlobalSection(SolutionConfigurationPlatforms) = preSolution
		Debug|Any CPU = Debug|Any CPU
		Release|Any CPU = Release|Any CPU
	EndGlobalSection
	GlobalSection(ProjectConfigurationPlatforms) = postSolution
		{77B5C884-FFD7-4810-A376-5E41F710405C}.Debug|Any CPU.ActiveCfg = Debug|Any CPU
		{77B5C884-FFD7-4810-A376-5E41F710405C}.Debug|Any CPU.Build.0 = Debug|Any CPU
		{77B5C884-FFD7-4810-A376-5E41F710405C}.Release|Any CPU.ActiveCfg = Release|Any CPU
		{77B5C884-FFD7-4810-A376-5E41F710405C}.Release|Any CPU.Build.0 = Release|Any CPU
		{B7534E78-5913-4E04-B9F2-012809C4DE36}.Debug|Any CPU.ActiveCfg = Debug|Any CPU
		{B7534E78-5913-4E04-B9F2-012809C4DE36}.Debug|Any CPU.Build.0 = Debug|Any CPU
		{B7534E78-5913-4E04-B9F2-012809C4DE36}.Release|Any CPU.ActiveCfg = Release|Any CPU
		{B7534E78-5913-4E04-B9F2-012809C4DE36}.Release|Any CPU.Build.0 = Release|Any CPU
	EndGlobalSection
	GlobalSection(SolutionProperties) = preSolution
		HideSolutionNode = FALSE
	EndGlobalSection
EndGlobal
